{
  "nodes": {
    "nixpkgs": {
      "locked": {
        "dirtyRev": "6157749ca6f209e810653f375e20140e11ac0cd3-dirty",
        "dirtyShortRev": "6157749ca6f2-dirty",
        "lastModified": 1733376259,
        "narHash": "sha256-vz/XTn1vbWI4jAv7gI5K8gFsi+SBPg6YvpHRdQpcCCc=",
        "type": "git",
        "url": "file:///home/robert/proj/nixpkgs"
      },
      "original": {
        "owner": "NixOS",
        "repo": "nixpkgs",
        "type": "github"
      }
    },
    "root": {
      "inputs": {
        "nixpkgs": "nixpkgs"
      }
    }
  },
  "root": "root",
  "version": 7
}
